
Microsoft Visual Studio Solution File, Format Version 12.00
# Visual Studio Version 16
VisualStudioVersion = 16.0.30114.105
MinimumVisualStudioVersion = 10.0.40219.1
Project("{2150E333-8FDC-42A3-9474-1A3956D46DE8}") = "src", "src", "{E21358F4-293B-4760-8F00-C46575E2B2F1}"
EndProject
Project("{2150E333-8FDC-42A3-9474-1A3956D46DE8}") = "core", "core", "{29176EB6-EF9C-4231-A170-8EAF0020E60C}"
EndProject
Project("{FAE04EC0-301F-11D3-BF4B-00C04F79EFBC}") = "Travel.Domain", "src\core\Travel.Domain\Travel.Domain.csproj", "{DD30666F-4AC9-4910-9C12-FB530371897F}"
EndProject
Project("{FAE04EC0-301F-11D3-BF4B-00C04F79EFBC}") = "Travel.Application", "src\core\Travel.Application\Travel.Application.csproj", "{C3CB9AE7-ED1C-4F65-A273-4E8A6B76A475}"
EndProject
Project("{2150E333-8FDC-42A3-9474-1A3956D46DE8}") = "infrastructure", "infrastructure", "{F2FBA3E9-0068-4166-A388-2268A77C8871}"
EndProject
Project("{FAE04EC0-301F-11D3-BF4B-00C04F79EFBC}") = "Travel.Data", "src\infrastructure\Travel.Data\Travel.Data.csproj", "{A8CEB0F5-5628-4333-B7DF-4106660E97D6}"
EndProject
Project("{FAE04EC0-301F-11D3-BF4B-00C04F79EFBC}") = "Travel.Shared", "src\infrastructure\Travel.Shared\Travel.Shared.csproj", "{6ABE920A-AEE7-4A8D-8B09-2A6D98E1BF0B}"
EndProject
Project("{2150E333-8FDC-42A3-9474-1A3956D46DE8}") = "presentation", "presentation", "{CCAFE6A3-7D5E-4D5D-994F-D41A7B655A76}"
EndProject
Project("{FAE04EC0-301F-11D3-BF4B-00C04F79EFBC}") = "Travel.WebApi", "src\presentation\Travel.WebApi\Travel.WebApi.csproj", "{25D407C4-945D-4CD4-B30E-AB4E1A12E83F}"
EndProject
Global
	GlobalSection(SolutionConfigurationPlatforms) = preSolution
		Debug|Any CPU = Debug|Any CPU
		Debug|x64 = Debug|x64
		Debug|x86 = Debug|x86
		Release|Any CPU = Release|Any CPU
		Release|x64 = Release|x64
		Release|x86 = Release|x86
	EndGlobalSection
	GlobalSection(SolutionProperties) = preSolution
		HideSolutionNode = FALSE
	EndGlobalSection
	GlobalSection(ProjectConfigurationPlatforms) = postSolution
		{DD30666F-4AC9-4910-9C12-FB530371897F}.Debug|Any CPU.ActiveCfg = Debug|Any CPU
		{DD30666F-4AC9-4910-9C12-FB530371897F}.Debug|Any CPU.Build.0 = Debug|Any CPU
		{DD30666F-4AC9-4910-9C12-FB530371897F}.Debug|x64.ActiveCfg = Debug|Any CPU
		{DD30666F-4AC9-4910-9C12-FB530371897F}.Debug|x64.Build.0 = Debug|Any CPU
		{DD30666F-4AC9-4910-9C12-FB530371897F}.Debug|x86.ActiveCfg = Debug|Any CPU
		{DD30666F-4AC9-4910-9C12-FB530371897F}.Debug|x86.Build.0 = Debug|Any CPU
		{DD30666F-4AC9-4910-9C12-FB530371897F}.Release|Any CPU.ActiveCfg = Release|Any CPU
		{DD30666F-4AC9-4910-9C12-FB530371897F}.Release|Any CPU.Build.0 = Release|Any CPU
		{DD30666F-4AC9-4910-9C12-FB530371897F}.Release|x64.ActiveCfg = Release|Any CPU
		{DD30666F-4AC9-4910-9C12-FB530371897F}.Release|x64.Build.0 = Release|Any CPU
		{DD30666F-4AC9-4910-9C12-FB530371897F}.Release|x86.ActiveCfg = Release|Any CPU
		{DD30666F-4AC9-4910-9C12-FB530371897F}.Release|x86.Build.0 = Release|Any CPU
		{C3CB9AE7-ED1C-4F65-A273-4E8A6B76A475}.Debug|Any CPU.ActiveCfg = Debug|Any CPU
		{C3CB9AE7-ED1C-4F65-A273-4E8A6B76A475}.Debug|Any CPU.Build.0 = Debug|Any CPU
		{C3CB9AE7-ED1C-4F65-A273-4E8A6B76A475}.Debug|x64.ActiveCfg = Debug|Any CPU
		{C3CB9AE7-ED1C-4F65-A273-4E8A6B76A475}.Debug|x64.Build.0 = Debug|Any CPU
		{C3CB9AE7-ED1C-4F65-A273-4E8A6B76A475}.Debug|x86.ActiveCfg = Debug|Any CPU
		{C3CB9AE7-ED1C-4F65-A273-4E8A6B76A475}.Debug|x86.Build.0 = Debug|Any CPU
		{C3CB9AE7-ED1C-4F65-A273-4E8A6B76A475}.Release|Any CPU.ActiveCfg = Release|Any CPU
		{C3CB9AE7-ED1C-4F65-A273-4E8A6B76A475}.Release|Any CPU.Build.0 = Release|Any CPU
		{C3CB9AE7-ED1C-4F65-A273-4E8A6B76A475}.Release|x64.ActiveCfg = Release|Any CPU
		{C3CB9AE7-ED1C-4F65-A273-4E8A6B76A475}.Release|x64.Build.0 = Release|Any CPU
		{C3CB9AE7-ED1C-4F65-A273-4E8A6B76A475}.Release|x86.ActiveCfg = Release|Any CPU
		{C3CB9AE7-ED1C-4F65-A273-4E8A6B76A475}.Release|x86.Build.0 = Release|Any CPU
		{A8CEB0F5-5628-4333-B7DF-4106660E97D6}.Debug|Any CPU.ActiveCfg = Debug|Any CPU
		{A8CEB0F5-5628-4333-B7DF-4106660E97D6}.Debug|Any CPU.Build.0 = Debug|Any CPU
		{A8CEB0F5-5628-4333-B7DF-4106660E97D6}.Debug|x64.ActiveCfg = Debug|Any CPU
		{A8CEB0F5-5628-4333-B7DF-4106660E97D6}.Debug|x64.Build.0 = Debug|Any CPU
		{A8CEB0F5-5628-4333-B7DF-4106660E97D6}.Debug|x86.ActiveCfg = Debug|Any CPU
		{A8CEB0F5-5628-4333-B7DF-4106660E97D6}.Debug|x86.Build.0 = Debug|Any CPU
		{A8CEB0F5-5628-4333-B7DF-4106660E97D6}.Release|Any CPU.ActiveCfg = Release|Any CPU
		{A8CEB0F5-5628-4333-B7DF-4106660E97D6}.Release|Any CPU.Build.0 = Release|Any CPU
		{A8CEB0F5-5628-4333-B7DF-4106660E97D6}.Release|x64.ActiveCfg = Release|Any CPU
		{A8CEB0F5-5628-4333-B7DF-4106660E97D6}.Release|x64.Build.0 = Release|Any CPU
		{A8CEB0F5-5628-4333-B7DF-4106660E97D6}.Release|x86.ActiveCfg = Release|Any CPU
		{A8CEB0F5-5628-4333-B7DF-4106660E97D6}.Release|x86.Build.0 = Release|Any CPU
		{6ABE920A-AEE7-4A8D-8B09-2A6D98E1BF0B}.Debug|Any CPU.ActiveCfg = Debug|Any CPU
		{6ABE920A-AEE7-4A8D-8B09-2A6D98E1BF0B}.Debug|Any CPU.Build.0 = Debug|Any CPU
		{6ABE920A-AEE7-4A8D-8B09-2A6D98E1BF0B}.Debug|x64.ActiveCfg = Debug|Any CPU
		{6ABE920A-AEE7-4A8D-8B09-2A6D98E1BF0B}.Debug|x64.Build.0 = Debug|Any CPU
		{6ABE920A-AEE7-4A8D-8B09-2A6D98E1BF0B}.Debug|x86.ActiveCfg = Debug|Any CPU
		{6ABE920A-AEE7-4A8D-8B09-2A6D98E1BF0B}.Debug|x86.Build.0 = Debug|Any CPU
		{6ABE920A-AEE7-4A8D-8B09-2A6D98E1BF0B}.Release|Any CPU.ActiveCfg = Release|Any CPU
		{6ABE920A-AEE7-4A8D-8B09-2A6D98E1BF0B}.Release|Any CPU.Build.0 = Release|Any CPU
		{6ABE920A-AEE7-4A8D-8B09-2A6D98E1BF0B}.Release|x64.ActiveCfg = Release|Any CPU
		{6ABE920A-AEE7-4A8D-8B09-2A6D98E1BF0B}.Release|x64.Build.0 = Release|Any CPU
		{6ABE920A-AEE7-4A8D-8B09-2A6D98E1BF0B}.Release|x86.ActiveCfg = Release|Any CPU
		{6ABE920A-AEE7-4A8D-8B09-2A6D98E1BF0B}.Release|x86.Build.0 = Release|Any CPU
		{25D407C4-945D-4CD4-B30E-AB4E1A12E83F}.Debug|Any CPU.ActiveCfg = Debug|Any CPU
		{25D407C4-945D-4CD4-B30E-AB4E1A12E83F}.Debug|Any CPU.Build.0 = Debug|Any CPU
		{25D407C4-945D-4CD4-B30E-AB4E1A12E83F}.Debug|x64.ActiveCfg = Debug|Any CPU
		{25D407C4-945D-4CD4-B30E-AB4E1A12E83F}.Debug|x64.Build.0 = Debug|Any CPU
		{25D407C4-945D-4CD4-B30E-AB4E1A12E83F}.Debug|x86.ActiveCfg = Debug|Any CPU
		{25D407C4-945D-4CD4-B30E-AB4E1A12E83F}.Debug|x86.Build.0 = Debug|Any CPU
		{25D407C4-945D-4CD4-B30E-AB4E1A12E83F}.Release|Any CPU.ActiveCfg = Release|Any CPU
		{25D407C4-945D-4CD4-B30E-AB4E1A12E83F}.Release|Any CPU.Build.0 = Release|Any CPU
		{25D407C4-945D-4CD4-B30E-AB4E1A12E83F}.Release|x64.ActiveCfg = Release|Any CPU
		{25D407C4-945D-4CD4-B30E-AB4E1A12E83F}.Release|x64.Build.0 = Release|Any CPU
		{25D407C4-945D-4CD4-B30E-AB4E1A12E83F}.Release|x86.ActiveCfg = Release|Any CPU
		{25D407C4-945D-4CD4-B30E-AB4E1A12E83F}.Release|x86.Build.0 = Release|Any CPU
	EndGlobalSection
	GlobalSection(NestedProjects) = preSolution
		{29176EB6-EF9C-4231-A170-8EAF0020E60C} = {E21358F4-293B-4760-8F00-C46575E2B2F1}
		{DD30666F-4AC9-4910-9C12-FB530371897F} = {29176EB6-EF9C-4231-A170-8EAF0020E60C}
		{C3CB9AE7-ED1C-4F65-A273-4E8A6B76A475} = {29176EB6-EF9C-4231-A170-8EAF0020E60C}
		{F2FBA3E9-0068-4166-A388-2268A77C8871} = {E21358F4-293B-4760-8F00-C46575E2B2F1}
		{A8CEB0F5-5628-4333-B7DF-4106660E97D6} = {F2FBA3E9-0068-4166-A388-2268A77C8871}
		{6ABE920A-AEE7-4A8D-8B09-2A6D98E1BF0B} = {F2FBA3E9-0068-4166-A388-2268A77C8871}
		{CCAFE6A3-7D5E-4D5D-994F-D41A7B655A76} = {E21358F4-293B-4760-8F00-C46575E2B2F1}
		{25D407C4-945D-4CD4-B30E-AB4E1A12E83F} = {CCAFE6A3-7D5E-4D5D-994F-D41A7B655A76}
	EndGlobalSection
EndGlobal
